
Microsoft Visual Studio Solution File, Format Version 12.00
# Visual Studio 14
VisualStudioVersion = 14.0.25123.0
MinimumVisualStudioVersion = 10.0.40219.1
Project("{FAE04EC0-301F-11D3-BF4B-00C04F79EFBC}") = "Hemtenta_Alexander_Andersson", "Hemtenta_Alexander_Andersson\Hemtenta_Alexander_Andersson.csproj", "{2BCF91CD-EA36-45B0-BD22-62F2CECE7F81}"
EndProject
Project("{FAE04EC0-301F-11D3-BF4B-00C04F79EFBC}") = "UnitTests", "UnitTest\UnitTests.csproj", "{4A89DDC1-67E9-45D2-829B-59098DA231F8}"
EndProject
Global
	GlobalSection(SolutionConfigurationPlatforms) = preSolution
		Debug|Any CPU = Debug|Any CPU
		Release|Any CPU = Release|Any CPU
	EndGlobalSection
	GlobalSection(ProjectConfigurationPlatforms) = postSolution
		{2BCF91CD-EA36-45B0-BD22-62F2CECE7F81}.Debug|Any CPU.ActiveCfg = Debug|Any CPU
		{2BCF91CD-EA36-45B0-BD22-62F2CECE7F81}.Debug|Any CPU.Build.0 = Debug|Any CPU
		{2BCF91CD-EA36-45B0-BD22-62F2CECE7F81}.Release|Any CPU.ActiveCfg = Release|Any CPU
		{2BCF91CD-EA36-45B0-BD22-62F2CECE7F81}.Release|Any CPU.Build.0 = Release|Any CPU
		{4A89DDC1-67E9-45D2-829B-59098DA231F8}.Debug|Any CPU.ActiveCfg = Debug|Any CPU
		{4A89DDC1-67E9-45D2-829B-59098DA231F8}.Debug|Any CPU.Build.0 = Debug|Any CPU
		{4A89DDC1-67E9-45D2-829B-59098DA231F8}.Release|Any CPU.ActiveCfg = Release|Any CPU
		{4A89DDC1-67E9-45D2-829B-59098DA231F8}.Release|Any CPU.Build.0 = Release|Any CPU
	EndGlobalSection
	GlobalSection(SolutionProperties) = preSolution
		HideSolutionNode = FALSE
	EndGlobalSection
EndGlobal
